{
  "name": "graphicsmodule",
  "version": "0.0.1",
  "lockfileVersion": 1,
  "requires": true,
  "dependencies": {
    "ariamodule": {
      "version": "github:aristov/ariamodule#b97f5c2a5bc29827289bf6b5d93808bae0c75c9a",
      "from": "github:aristov/ariamodule#v1",
      "requires": {
        "dommodule": "github:aristov/dommodule"
      }
    },
    "dommodule": {
      "version": "github:aristov/dommodule#03a3c6a7cf10d013d2c7e203c01d59787c9d88f4",
      "from": "github:aristov/dommodule",
      "requires": {
        "esmodule": "github:aristov/esmodule"
      }
    },
    "esmodule": {
      "version": "github:aristov/esmodule#9dd39b1482232c2803e1e356e5d95b5cb9d2ee83",
      "from": "github:aristov/esmodule"
    },
    "svgmodule": {
      "version": "github:aristov/svgmodule#2858573a874b5b8147675dcbdc9bb22b05fb4e87",
      "from": "github:aristov/svgmodule",
      "requires": {
        "xmlmodule": "github:aristov/xmlmodule"
      }
    },
    "xmlmodule": {
      "version": "github:aristov/xmlmodule#af2dc6297d938feab0ef3f9208a5f2f68e153c7e",
      "from": "github:aristov/xmlmodule",
      "requires": {
        "dommodule": "github:aristov/dommodule"
      },
      "dependencies": {
        "dommodule": {
          "version": "github:aristov/dommodule#03a3c6a7cf10d013d2c7e203c01d59787c9d88f4",
          "from": "github:aristov/dommodule",
          "requires": {
            "esmodule": "github:aristov/esmodule"
          }
        },
        "esmodule": {
          "version": "github:aristov/esmodule#9dd39b1482232c2803e1e356e5d95b5cb9d2ee83",
          "from": "github:aristov/esmodule"
        }
      }
    }
  }
}
