{
  "name": "graphicsmodule",
  "version": "0.0.0",
  "lockfileVersion": 1,
  "requires": true,
  "dependencies": {
    "ariamodule": {
      "version": "github:aristov/ariamodule#39b2710f2465d50b65f9d5af26c44e6ec28a9401",
      "from": "github:aristov/ariamodule",
      "requires": {
        "dommodule": "^0.5.6",
        "htmlmodule": "^0.5.22"
      }
    },
    "dommodule": {
      "version": "0.5.6",
      "resolved": "https://registry.npmjs.org/dommodule/-/dommodule-0.5.6.tgz",
      "integrity": "sha1-ALzjKFRu6NZlGtP57LUvjPqAjwE="
    },
    "htmlmodule": {
      "version": "0.5.22",
      "resolved": "https://registry.npmjs.org/htmlmodule/-/htmlmodule-0.5.22.tgz",
      "integrity": "sha1-CpID/vHGJVnx4iNkp07Y8Jb1SmQ=",
      "requires": {
        "dommodule": "^0.5.6"
      }
    }
  }
}
