{
  "name": "graphicsmodule",
  "version": "0.0.1",
  "lockfileVersion": 1,
  "requires": true,
  "dependencies": {
    "ariamodule": {
      "version": "github:aristov/ariamodule#eb6cd6a2bff608fee18d0db2b5421381e2f68147",
      "from": "github:aristov/ariamodule",
      "requires": {
        "dommodule": "github:aristov/dommodule#5d3d17b775fd2cf694f84e6258ec2cc9cadb9308",
        "htmlmodule": "github:aristov/htmlmodule#16801b3d2913edfbb003c1f5892ec513cfccc6b8"
      }
    },
    "dommodule": {
      "version": "github:aristov/dommodule#5d3d17b775fd2cf694f84e6258ec2cc9cadb9308",
      "from": "github:aristov/dommodule",
      "requires": {
        "esmodule": "github:aristov/esmodule#a691ac211bca31cbd44256fa7c3639c54b10050c"
      }
    },
    "esmodule": {
      "version": "github:aristov/esmodule#a691ac211bca31cbd44256fa7c3639c54b10050c",
      "from": "github:aristov/esmodule"
    },
    "htmlmodule": {
      "version": "github:aristov/htmlmodule#16801b3d2913edfbb003c1f5892ec513cfccc6b8",
      "from": "github:aristov/htmlmodule",
      "requires": {
        "dommodule": "github:aristov/dommodule#5d3d17b775fd2cf694f84e6258ec2cc9cadb9308"
      }
    },
    "svgmodule": {
      "version": "github:aristov/svgmodule#0e72950270e71fc9530ae3b05cc836b310622c4f",
      "from": "github:aristov/svgmodule",
      "requires": {
        "xmlmodule": "github:aristov/xmlmodule#ca6d088280fe8853db363b25569b6b5a6b2a330c"
      }
    },
    "xmlmodule": {
      "version": "github:aristov/xmlmodule#ca6d088280fe8853db363b25569b6b5a6b2a330c",
      "from": "github:aristov/xmlmodule",
      "requires": {
        "dommodule": "github:aristov/dommodule#5d3d17b775fd2cf694f84e6258ec2cc9cadb9308"
      },
      "dependencies": {
        "dommodule": {
          "version": "github:aristov/dommodule#5d3d17b775fd2cf694f84e6258ec2cc9cadb9308",
          "from": "github:aristov/dommodule",
          "requires": {
            "esmodule": "github:aristov/esmodule#a691ac211bca31cbd44256fa7c3639c54b10050c"
          }
        }
      }
    }
  }
}
